github.com/block-vision/sui-go-sdk v1.0.6 h1:FysCc4TJC8v4BEBbCjJPDR4iR5eKqJT1dxGwsT67etg=
github.com/block-vision/sui-go-sdk v1.0.6/go.mod h1:FyK1vGE8lWm9QA1fdQpf1agfXQSMbPT8AV1BICgx6d8=
github.com/block-vision/sui-go-sdk v1.0.7-0.20250421102311-09784d36aece h1:b6SJAJBJ/KRGm+INkIyZFTBl/86TcQyh6xSI4fhlI2k=
github.com/block-vision/sui-go-sdk v1.0.7-0.20250421102311-09784d36aece/go.mod h1:tf1o9oSxBa8h+CaUyPDW8LbqfW4YPjd4fL22yO4QXMo=
